Microsoft Visual Studio Solution File, Format Version 7.00
Project("{8BC9CEB8-8B4A-11D0-8D11-00A0C91BC942}") = "regulusSpeechServer", "regulusSpeechServer.vcproj", "{A5CC0515-504B-4BFB-9A2E-ABEAB8DA3981}"
EndProject
Global
	GlobalSection(SolutionConfiguration) = preSolution
		ConfigName.0 = Debug
		ConfigName.1 = Release
	EndGlobalSection
	GlobalSection(ProjectDependencies) = postSolution
	EndGlobalSection
	GlobalSection(ProjectConfiguration) = postSolution
		{A5CC0515-504B-4BFB-9A2E-ABEAB8DA3981}.Debug.ActiveCfg = Debug|Win32
		{A5CC0515-504B-4BFB-9A2E-ABEAB8DA3981}.Debug.Build.0 = Debug|Win32
		{A5CC0515-504B-4BFB-9A2E-ABEAB8DA3981}.Release.ActiveCfg = Release|Win32
		{A5CC0515-504B-4BFB-9A2E-ABEAB8DA3981}.Release.Build.0 = Release|Win32
	EndGlobalSection
	GlobalSection(ExtensibilityGlobals) = postSolution
	EndGlobalSection
	GlobalSection(ExtensibilityAddIns) = postSolution
	EndGlobalSection
EndGlobal
